
Microsoft Visual Studio Solution File, Format Version 12.00
# Visual Studio Version 17
VisualStudioVersion = 17.2.32616.157
MinimumVisualStudioVersion = 10.0.40219.1
Project("{FAE04EC0-301F-11D3-BF4B-00C04F79EFBC}") = "DizilerOdev2", "DizilerOdev2\DizilerOdev2.csproj", "{A9BFC840-CFD3-4E9F-8A74-2074CBFCBF8D}"
EndProject
Global
	GlobalSection(SolutionConfigurationPlatforms) = preSolution
		Debug|Any CPU = Debug|Any CPU
		Release|Any CPU = Release|Any CPU
	EndGlobalSection
	GlobalSection(ProjectConfigurationPlatforms) = postSolution
		{A9BFC840-CFD3-4E9F-8A74-2074CBFCBF8D}.Debug|Any CPU.ActiveCfg = Debug|Any CPU
		{A9BFC840-CFD3-4E9F-8A74-2074CBFCBF8D}.Debug|Any CPU.Build.0 = Debug|Any CPU
		{A9BFC840-CFD3-4E9F-8A74-2074CBFCBF8D}.Release|Any CPU.ActiveCfg = Release|Any CPU
		{A9BFC840-CFD3-4E9F-8A74-2074CBFCBF8D}.Release|Any CPU.Build.0 = Release|Any CPU
	EndGlobalSection
	GlobalSection(SolutionProperties) = preSolution
		HideSolutionNode = FALSE
	EndGlobalSection
	GlobalSection(ExtensibilityGlobals) = postSolution
		SolutionGuid = {143A4EDE-9780-4C82-AE22-51EF31089282}
	EndGlobalSection
EndGlobal
